{"SurveyEntry":{"SurveyID":"SV_3mERahTtwCYstLw","SurveyName":"Tiny Conjoint Helpers in one Language","SurveyDescription":null,"SurveyOwnerID":"UR_8xkDXswjFl8NVFY","SurveyBrandID":"unibe","DivisionID":"DV_bfNs1frymqX6HFb","SurveyLanguage":"EN","SurveyActiveResponseSet":"RS_9vHnzAyKO02EuIm","SurveyStatus":"Active","SurveyStartDate":"0000-00-00 00:00:00","SurveyExpirationDate":"0000-00-00 00:00:00","SurveyCreationDate":"2026-01-28 10:16:51","CreatorID":"UR_8xkDXswjFl8NVFY","LastModified":"2026-01-28 11:02:10","LastAccessed":"0000-00-00 00:00:00","LastActivated":"2026-01-28 10:22:19","Deleted":null},"SurveyElements":[{"SurveyID":"SV_3mERahTtwCYstLw","Element":"BL","PrimaryAttribute":"Survey Blocks","SecondaryAttribute":null,"TertiaryAttribute":null,"Payload":[{"Type":"Default","Description":"Default Question Block","ID":"BL_8GI2HqRMQ0b4Aiq","BlockElements":[{"Type":"Question","QuestionID":"QID1"}]},{"Type":"Trash","Description":"Trash \/ Unused Questions","ID":"BL_bxx4GY1DHWbUrGe"}]},{"SurveyID":"SV_3mERahTtwCYstLw","Element":"FL","PrimaryAttribute":"Survey Flow","SecondaryAttribute":null,"TertiaryAttribute":null,"Payload":{"Flow":[{"ID":"BL_8GI2HqRMQ0b4Aiq","Type":"Block","FlowID":"FL_2"}],"Properties":{"Count":2},"FlowID":"FL_1","Type":"Root"}},{"SurveyID":"SV_3mERahTtwCYstLw","Element":"PL","PrimaryAttribute":"Preview Link","SecondaryAttribute":null,"TertiaryAttribute":null,"Payload":{"PreviewType":"Public","PreviewID":"49fb0ca6-422c-450e-a168-a6540e9eab04"}},{"SurveyID":"SV_3mERahTtwCYstLw","Element":"PROJ","PrimaryAttribute":"CORE","SecondaryAttribute":null,"TertiaryAttribute":"1.1.0","Payload":{"ProjectCategory":"CORE","SchemaVersion":"1.1.0"}},{"SurveyID":"SV_3mERahTtwCYstLw","Element":"QC","PrimaryAttribute":"Survey Question Count","SecondaryAttribute":"1","TertiaryAttribute":null,"Payload":null},{"SurveyID":"SV_3mERahTtwCYstLw","Element":"RS","PrimaryAttribute":"RS_9vHnzAyKO02EuIm","SecondaryAttribute":"Default Response Set","TertiaryAttribute":null,"Payload":null},{"SurveyID":"SV_3mERahTtwCYstLw","Element":"SCO","PrimaryAttribute":"Scoring","SecondaryAttribute":null,"TertiaryAttribute":null,"Payload":{"ScoringCategories":[],"ScoringCategoryGroups":[],"ScoringSummaryCategory":null,"ScoringSummaryAfterQuestions":0,"ScoringSummaryAfterSurvey":0,"DefaultScoringCategory":null,"AutoScoringCategory":null}},{"SurveyID":"SV_3mERahTtwCYstLw","Element":"SO","PrimaryAttribute":"Survey Options","SecondaryAttribute":null,"TertiaryAttribute":null,"Payload":{"BackButton":"false","SaveAndContinue":"true","SurveyProtection":"PublicSurvey","BallotBoxStuffingPrevention":"false","NoIndex":"Yes","SecureResponseFiles":"true","SurveyExpiration":"None","SurveyTermination":"DefaultMessage","Header":"","Footer":"<script type=\"text\/javascript\"> Qualtrics.SurveyEngine.addOnReady(function() {jQuery('#Plug').attr('style', 'display:none !important'); }); <\/script>\n","ProgressBarDisplay":"None","PartialData":"+1 week","ValidationMessage":"","PreviousButton":"","NextButton":"","SurveyTitle":"Qualtrics Survey | Qualtrics Experience Management","SkinLibrary":"unibe","SkinType":"templated","Skin":{"brandingId":"1569825593","templateId":"*base","overrides":{"logo":{"url":""}}},"NewScoring":1,"SurveyMetaDescription":"The most powerful, simple and trusted way to gather experience data. Start your journey to experience management and try a free account today.","ExternalCSS":"https:\/\/github.com\/brueckmann\/Tiny_Conjoint_Helpers_for_Qualtrics\/blob\/main\/CSS_for_conjoint_tables.css","footerMid":"","SurveyName":"Tiny Conjoint Helpers in one Language"}},{"SurveyID":"SV_3mERahTtwCYstLw","Element":"SQ","PrimaryAttribute":"QID1","SecondaryAttribute":"Comparison\u00a01 (of X) Please carefully review the proposals detailed below, then please answer the...","TertiaryAttribute":null,"Payload":{"QuestionText":"\n<span>Comparison&nbsp;1 (of X)<\/span>\n<br><br>\n<span>Please carefully review the proposals detailed below, then please answer the questions.<\/span>\n<br>\n<div>\n<br>\n<table class=\"UserTable\">\n<tbody>\n<tr>\n<td><br><\/td> \n<td width=\"33.5%\" style=\"text-align: center;\">\n<strong>Proposal A<\/strong><\/td>\n<td width=\"33.5%\" style=\"text-align: center;\">\n<strong>Proposal B<\/strong><\/td>\n<\/tr>\n<tr>\n<td style=\"text-align: center;\"><strong>${e:\/\/Field\/F-1-1}<\/strong><\/td>\n<td style=\"text-align: center;\">${e:\/\/Field\/F-1-1-1}<\/td>\n<td style=\"text-align: center;\">${e:\/\/Field\/F-1-2-1}<\/td>\n<\/tr>\n<tr>\n<td style=\"text-align: center;\"><strong>${e:\/\/Field\/F-1-2}<\/strong><\/td>\n<td style=\"text-align: center;\">${e:\/\/Field\/F-1-1-2}<\/td>\n<td style=\"text-align: center;\">${e:\/\/Field\/F-1-2-2}<\/td>\n<\/tr>\n<tr>\n<td style=\"text-align: center;\"><strong>${e:\/\/Field\/F-1-3}<\/strong><\/td>\n<td style=\"text-align: center;\">${e:\/\/Field\/F-1-1-3}<\/td>\n<td style=\"text-align: center;\">${e:\/\/Field\/F-1-2-3}<\/td>\n<\/tr>\n<tr>\n<td style=\"text-align: center;\"><strong>${e:\/\/Field\/F-1-4}<\/strong><\/td>\n<td style=\"text-align: center;\">${e:\/\/Field\/F-1-1-4}<\/td>\n<td style=\"text-align: center;\">${e:\/\/Field\/F-1-2-4}<\/td>\n<\/tr>\n<tr>\n<td style=\"text-align: center;\"><strong>${e:\/\/Field\/F-1-5}<\/strong><\/td>\n<td style=\"text-align: center;\">${e:\/\/Field\/F-1-1-5}<\/td>\n<td style=\"text-align: center;\">${e:\/\/Field\/F-1-2-5}<\/td>\n<\/tr>\n<tr>\n<td style=\"text-align: center;\"><strong>${e:\/\/Field\/F-1-6}<\/strong><\/td>\n<td style=\"text-align: center;\">${e:\/\/Field\/F-1-1-6}<\/td>\n<td style=\"text-align: center;\">${e:\/\/Field\/F-1-2-6}<\/td>\n<\/tr>\n<tr>\n<td style=\"text-align: center;\"><strong>${e:\/\/Field\/F-1-7}<\/strong><\/td>\n<td style=\"text-align: center;\">${e:\/\/Field\/F-1-1-7}<\/td>\n<td style=\"text-align: center;\">${e:\/\/Field\/F-1-2-7}<\/td>\n<\/tr>\n<tr>\n<td style=\"text-align: center;\"><strong>${e:\/\/Field\/F-1-8}<\/strong><\/td>\n<td style=\"text-align: center;\">${e:\/\/Field\/F-1-1-8}<\/td>\n<td style=\"text-align: center;\">${e:\/\/Field\/F-1-2-8}<\/td>\n<\/tr>\n<\/tbody>\n<\/table>\n<\/div>\n\n\n<style>\n\/* Hide warning by default *\/\n.turnWarn {\n  display: none;\n}\n\n\/* Media query: Only applies to mobile devices in PORTRAIT mode with screen width <= 600px *\/\n@media screen and (max-width: 600px) and (orientation: portrait) {\n  \n  \/* Show the warning message - blue alert box *\/\n  .turnWarn {\n    display: block;\n    padding: 15px;\n    margin-bottom: 25px;\n    color: white;\n    background-color: #2196F3;\n    opacity: 1;\n  }\n  \n  \/* Hide the main question content when in portrait mode *\/\n  .QuestionBody {\n    display: none;\n  }\n  \n  \/* Hide the conjoint table when in portrait mode *\/\n  .UserTable {\n    display: none;\n  }\n  \n  \/* Hide the Next button when in portrait mode *\/\n  #NextButton {\n    display: none;\n  }\n}\n\n\/* Media query: Mobile devices in LANDSCAPE mode - show table, hide warning *\/\n@media screen and (max-width: 600px) and (orientation: landscape) {\n  \/* Show the table in landscape mode *\/\n  .UserTable {\n    display: table;\n  }\n  \n  \/* Show the question body in landscape mode *\/\n  .QuestionBody {\n    display: block;\n  }\n  \n  \/* Show the Next button in landscape mode *\/\n  #NextButton {\n    display: block;\n  }\n  \n  \/* Keep warning hidden in landscape mode *\/\n  .turnWarn {\n    display: none !important;\n  }\n}\n<\/style>\n\n\n<div class=\"turnWarn\">\n  <strong>PLEASE TURN<\/strong> your device to <strong>LANDSCAPE<\/strong> mode to view this question!\n<\/div>","DataExportTag":"Q1","QuestionType":"MC","Selector":"SAHR","SubSelector":"TX","DataVisibility":{"Private":false,"Hidden":false},"Configuration":{"QuestionDescriptionOption":"UseText","LabelPosition":"BELOW"},"QuestionDescription":"Comparison\u00a01 (of X) Please carefully review the proposals detailed below, then please answer the...","Choices":{"1":{"Display":"Proposal A"},"2":{"Display":"Proposal B"}},"ChoiceOrder":[1,2],"Validation":{"Settings":{"ForceResponse":"OFF","Type":"None"}},"Language":[],"NextChoiceId":3,"NextAnswerId":1,"QuestionID":"QID1","QuestionJS":false}},{"SurveyID":"SV_3mERahTtwCYstLw","Element":"STAT","PrimaryAttribute":"Survey Statistics","SecondaryAttribute":null,"TertiaryAttribute":null,"Payload":{"MobileCompatible":true,"ID":"Survey Statistics"}}]}